
Microsoft Visual Studio Solution File, Format Version 12.00
# Visual Studio Version 17
VisualStudioVersion = 17.4.33110.190
MinimumVisualStudioVersion = 10.0.40219.1
Project("{FAE04EC0-301F-11D3-BF4B-00C04F79EFBC}") = "Eihal", "Eihal\Eihal.csproj", "{2F07C9A4-62FC-4302-9431-32E1250E322B}"
EndProject
Global
	GlobalSection(SolutionConfigurationPlatforms) = preSolution
		Debug|Any CPU = Debug|Any CPU
		Release|Any CPU = Release|Any CPU
	EndGlobalSection
	GlobalSection(ProjectConfigurationPlatforms) = postSolution
		{2F07C9A4-62FC-4302-9431-32E1250E322B}.Debug|Any CPU.ActiveCfg = Debug|Any CPU
		{2F07C9A4-62FC-4302-9431-32E1250E322B}.Debug|Any CPU.Build.0 = Debug|Any CPU
		{2F07C9A4-62FC-4302-9431-32E1250E322B}.Release|Any CPU.ActiveCfg = Release|Any CPU
		{2F07C9A4-62FC-4302-9431-32E1250E322B}.Release|Any CPU.Build.0 = Release|Any CPU
	EndGlobalSection
	GlobalSection(SolutionProperties) = preSolution
		HideSolutionNode = FALSE
	EndGlobalSection
	GlobalSection(ExtensibilityGlobals) = postSolution
		SolutionGuid = {4CBC9DC3-F6A5-4A28-B52E-E73583F84512}
	EndGlobalSection
EndGlobal
